
Microsoft Visual Studio Solution File, Format Version 12.00
# Visual Studio Version 16
VisualStudioVersion = 16.0.31019.35
MinimumVisualStudioVersion = 10.0.40219.1
Project("{9A19103F-16F7-4668-BE54-9A1E7A4F7556}") = "ValheimServerGUI", "ValheimServerGUI\ValheimServerGUI.csproj", "{DC84CCCF-D315-483E-B7CF-732312B55389}"
EndProject
Project("{9A19103F-16F7-4668-BE54-9A1E7A4F7556}") = "ValheimServerGUI.Controls", "ValheimServerGUI.Controls\ValheimServerGUI.Controls.csproj", "{36E75C0A-F596-4766-8148-D7C442501503}"
EndProject
Project("{9A19103F-16F7-4668-BE54-9A1E7A4F7556}") = "ValheimServerGUI.Tests", "ValheimServerGUI.Tests\ValheimServerGUI.Tests.csproj", "{22F12ECA-242A-4D4D-9C2E-5949F353AD29}"
EndProject
Project("{9A19103F-16F7-4668-BE54-9A1E7A4F7556}") = "ValheimServerGUI.Serverless", "ValheimServerGUI.Serverless\ValheimServerGUI.Serverless.csproj", "{14527A88-31E6-4FEB-9461-5291A08E8E7E}"
EndProject
Project("{9A19103F-16F7-4668-BE54-9A1E7A4F7556}") = "ValheimServerGUI.Serverless.Tests", "ValheimServerGUI.Serverless.Tests\ValheimServerGUI.Serverless.Tests.csproj", "{B366DF72-040D-464A-A200-E9CCD4F17B33}"
EndProject
Project("{FAE04EC0-301F-11D3-BF4B-00C04F79EFBC}") = "ValheimServerGUI.Tools", "ValheimServerGUI.Tools\ValheimServerGUI.Tools.csproj", "{39BE3CA2-906A-446F-95DA-E37C359B6197}"
EndProject
Global
	GlobalSection(SolutionConfigurationPlatforms) = preSolution
		Debug|Any CPU = Debug|Any CPU
		Release|Any CPU = Release|Any CPU
	EndGlobalSection
	GlobalSection(ProjectConfigurationPlatforms) = postSolution
		{DC84CCCF-D315-483E-B7CF-732312B55389}.Debug|Any CPU.ActiveCfg = Debug|Any CPU
		{DC84CCCF-D315-483E-B7CF-732312B55389}.Debug|Any CPU.Build.0 = Debug|Any CPU
		{DC84CCCF-D315-483E-B7CF-732312B55389}.Release|Any CPU.ActiveCfg = Release|Any CPU
		{DC84CCCF-D315-483E-B7CF-732312B55389}.Release|Any CPU.Build.0 = Release|Any CPU
		{36E75C0A-F596-4766-8148-D7C442501503}.Debug|Any CPU.ActiveCfg = Debug|Any CPU
		{36E75C0A-F596-4766-8148-D7C442501503}.Debug|Any CPU.Build.0 = Debug|Any CPU
		{36E75C0A-F596-4766-8148-D7C442501503}.Release|Any CPU.ActiveCfg = Release|Any CPU
		{36E75C0A-F596-4766-8148-D7C442501503}.Release|Any CPU.Build.0 = Release|Any CPU
		{22F12ECA-242A-4D4D-9C2E-5949F353AD29}.Debug|Any CPU.ActiveCfg = Debug|Any CPU
		{22F12ECA-242A-4D4D-9C2E-5949F353AD29}.Debug|Any CPU.Build.0 = Debug|Any CPU
		{22F12ECA-242A-4D4D-9C2E-5949F353AD29}.Release|Any CPU.ActiveCfg = Release|Any CPU
		{22F12ECA-242A-4D4D-9C2E-5949F353AD29}.Release|Any CPU.Build.0 = Release|Any CPU
		{14527A88-31E6-4FEB-9461-5291A08E8E7E}.Debug|Any CPU.ActiveCfg = Debug|Any CPU
		{14527A88-31E6-4FEB-9461-5291A08E8E7E}.Debug|Any CPU.Build.0 = Debug|Any CPU
		{14527A88-31E6-4FEB-9461-5291A08E8E7E}.Release|Any CPU.ActiveCfg = Release|Any CPU
		{14527A88-31E6-4FEB-9461-5291A08E8E7E}.Release|Any CPU.Build.0 = Release|Any CPU
		{B366DF72-040D-464A-A200-E9CCD4F17B33}.Debug|Any CPU.ActiveCfg = Debug|Any CPU
		{B366DF72-040D-464A-A200-E9CCD4F17B33}.Debug|Any CPU.Build.0 = Debug|Any CPU
		{B366DF72-040D-464A-A200-E9CCD4F17B33}.Release|Any CPU.ActiveCfg = Release|Any CPU
		{B366DF72-040D-464A-A200-E9CCD4F17B33}.Release|Any CPU.Build.0 = Release|Any CPU
		{39BE3CA2-906A-446F-95DA-E37C359B6197}.Debug|Any CPU.ActiveCfg = Debug|Any CPU
		{39BE3CA2-906A-446F-95DA-E37C359B6197}.Debug|Any CPU.Build.0 = Debug|Any CPU
		{39BE3CA2-906A-446F-95DA-E37C359B6197}.Release|Any CPU.ActiveCfg = Release|Any CPU
		{39BE3CA2-906A-446F-95DA-E37C359B6197}.Release|Any CPU.Build.0 = Release|Any CPU
	EndGlobalSection
	GlobalSection(SolutionProperties) = preSolution
		HideSolutionNode = FALSE
	EndGlobalSection
	GlobalSection(ExtensibilityGlobals) = postSolution
		SolutionGuid = {3EF14BED-79B8-4319-8C20-74190095B34B}
	EndGlobalSection
EndGlobal
